// !$*UTF8*$!
{
	archiveVersion = 1;
	classes = {
	};
	objectVersion = 56;
	objects = {

/* Begin PBXBuildFile section */
		CB9FE67028F36C4B00A6599C /* TheMovieAppApp.swift in Sources */ = {isa = PBXBuildFile; fileRef = CB9FE66F28F36C4B00A6599C /* TheMovieAppApp.swift */; };
		CB9FE67228F36C4B00A6599C /* ContentView.swift in Sources */ = {isa = PBXBuildFile; fileRef = CB9FE67128F36C4B00A6599C /* ContentView.swift */; };
		CB9FE67428F36C4D00A6599C /* Assets.xcassets in Resources */ = {isa = PBXBuildFile; fileRef = CB9FE67328F36C4D00A6599C /* Assets.xcassets */; };
		CB9FE67728F36C4D00A6599C /* Preview Assets.xcassets in Resources */ = {isa = PBXBuildFile; fileRef = CB9FE67628F36C4D00A6599C /* Preview Assets.xcassets */; };
		CB9FE68128F36C4D00A6599C /* TheMovieAppTests.swift in Sources */ = {isa = PBXBuildFile; fileRef = CB9FE68028F36C4D00A6599C /* TheMovieAppTests.swift */; };
		CB9FE68B28F36C4D00A6599C /* TheMovieAppUITests.swift in Sources */ = {isa = PBXBuildFile; fileRef = CB9FE68A28F36C4D00A6599C /* TheMovieAppUITests.swift */; };
		CB9FE68D28F36C4D00A6599C /* TheMovieAppUITestsLaunchTests.swift in Sources */ = {isa = PBXBuildFile; fileRef = CB9FE68C28F36C4D00A6599C /* TheMovieAppUITestsLaunchTests.swift */; };
		CB9FE69B28F40EBC00A6599C /* MovieRowView.swift in Sources */ = {isa = PBXBuildFile; fileRef = CB9FE69A28F40EBC00A6599C /* MovieRowView.swift */; };
		CB9FE69E28F4153600A6599C /* BackButton.swift in Sources */ = {isa = PBXBuildFile; fileRef = CB9FE69D28F4153600A6599C /* BackButton.swift */; };
		CB9FE6A028F417F800A6599C /* WatchedStatusView.swift in Sources */ = {isa = PBXBuildFile; fileRef = CB9FE69F28F417F800A6599C /* WatchedStatusView.swift */; };
		CB9FE6A228F4188200A6599C /* FavouriteStatusView.swift in Sources */ = {isa = PBXBuildFile; fileRef = CB9FE6A128F4188200A6599C /* FavouriteStatusView.swift */; };
		CB9FE6A428F41E2F00A6599C /* MoviesListView.swift in Sources */ = {isa = PBXBuildFile; fileRef = CB9FE6A328F41E2F00A6599C /* MoviesListView.swift */; };
		CB9FE6A728F41EDD00A6599C /* Color+Extensions.swift in Sources */ = {isa = PBXBuildFile; fileRef = CB9FE6A628F41EDD00A6599C /* Color+Extensions.swift */; };
		CB9FE6AA28F42EC800A6599C /* MovieDetailView.swift in Sources */ = {isa = PBXBuildFile; fileRef = CB9FE6A928F42EC800A6599C /* MovieDetailView.swift */; };
		CB9FE6AF28F44A7600A6599C /* URLRequest+Extension.swift in Sources */ = {isa = PBXBuildFile; fileRef = CB9FE6AE28F44A7600A6599C /* URLRequest+Extension.swift */; };
		CB9FE6B128F44A9500A6599C /* APIEndpoint.swift in Sources */ = {isa = PBXBuildFile; fileRef = CB9FE6B028F44A9500A6599C /* APIEndpoint.swift */; };
		CB9FE6B328F44AC200A6599C /* APIMethod.swift in Sources */ = {isa = PBXBuildFile; fileRef = CB9FE6B228F44AC200A6599C /* APIMethod.swift */; };
		CB9FE6B528F44B0C00A6599C /* AuthenticationLocalDataSource.swift in Sources */ = {isa = PBXBuildFile; fileRef = CB9FE6B428F44B0C00A6599C /* AuthenticationLocalDataSource.swift */; };
		CB9FE6B728F44C7900A6599C /* APIClient.swift in Sources */ = {isa = PBXBuildFile; fileRef = CB9FE6B628F44C7900A6599C /* APIClient.swift */; };
		CB9FE6BA28F44DDA00A6599C /* RxCocoa in Frameworks */ = {isa = PBXBuildFile; productRef = CB9FE6B928F44DDA00A6599C /* RxCocoa */; };
		CB9FE6BC28F44DDA00A6599C /* RxRelay in Frameworks */ = {isa = PBXBuildFile; productRef = CB9FE6BB28F44DDA00A6599C /* RxRelay */; };
		CB9FE6BE28F44DDA00A6599C /* RxSwift in Frameworks */ = {isa = PBXBuildFile; productRef = CB9FE6BD28F44DDA00A6599C /* RxSwift */; };
		CB9FE6C128F44EAF00A6599C /* RxAlamofire in Frameworks */ = {isa = PBXBuildFile; productRef = CB9FE6C028F44EAF00A6599C /* RxAlamofire */; };
		CB9FE6C428F44F2000A6599C /* SDWebImageSwiftUI in Frameworks */ = {isa = PBXBuildFile; productRef = CB9FE6C328F44F2000A6599C /* SDWebImageSwiftUI */; };
		CB9FE6C628F4537C00A6599C /* NetworkError.swift in Sources */ = {isa = PBXBuildFile; fileRef = CB9FE6C528F4537C00A6599C /* NetworkError.swift */; };
		CB9FE6C828F4543D00A6599C /* Logger.swift in Sources */ = {isa = PBXBuildFile; fileRef = CB9FE6C728F4543D00A6599C /* Logger.swift */; };
		CB9FE6CA28F454C800A6599C /* ErrorResponse.swift in Sources */ = {isa = PBXBuildFile; fileRef = CB9FE6C928F454C800A6599C /* ErrorResponse.swift */; };
		CB9FE6CC28F4552500A6599C /* ConnectivityManager.swift in Sources */ = {isa = PBXBuildFile; fileRef = CB9FE6CB28F4552500A6599C /* ConnectivityManager.swift */; };
		CB9FE6CF28F4560C00A6599C /* BaseRemoteDataSource.swift in Sources */ = {isa = PBXBuildFile; fileRef = CB9FE6CE28F4560C00A6599C /* BaseRemoteDataSource.swift */; };
		CB9FE6D228F4583100A6599C /* MoviesRemoteDataSource.swift in Sources */ = {isa = PBXBuildFile; fileRef = CB9FE6D128F4583100A6599C /* MoviesRemoteDataSource.swift */; };
		CB9FE6D528F4586300A6599C /* MoviesResponse.swift in Sources */ = {isa = PBXBuildFile; fileRef = CB9FE6D428F4586300A6599C /* MoviesResponse.swift */; };
		CB9FE6D728F458DE00A6599C /* Movie.swift in Sources */ = {isa = PBXBuildFile; fileRef = CB9FE6D628F458DE00A6599C /* Movie.swift */; };
		CB9FE6DA28F4591F00A6599C /* MoviesUseCase.swift in Sources */ = {isa = PBXBuildFile; fileRef = CB9FE6D928F4591F00A6599C /* MoviesUseCase.swift */; };
		CB9FE6DC28F4592B00A6599C /* MoviesUseCaseProtocol.swift in Sources */ = {isa = PBXBuildFile; fileRef = CB9FE6DB28F4592B00A6599C /* MoviesUseCaseProtocol.swift */; };
		CB9FE6E128F4602D00A6599C /* BaseViewModel.swift in Sources */ = {isa = PBXBuildFile; fileRef = CB9FE6E028F4602D00A6599C /* BaseViewModel.swift */; };
		CB9FE6E328F4603700A6599C /* MoviesViewModel.swift in Sources */ = {isa = PBXBuildFile; fileRef = CB9FE6E228F4603700A6599C /* MoviesViewModel.swift */; };
		CB9FE6E528F4610400A6599C /* MoviesUseCaseMockup.swift in Sources */ = {isa = PBXBuildFile; fileRef = CB9FE6E428F4610400A6599C /* MoviesUseCaseMockup.swift */; };
		CB9FE6E728F5733A00A6599C /* APIMetaDataResponse.swift in Sources */ = {isa = PBXBuildFile; fileRef = CB9FE6E628F5733A00A6599C /* APIMetaDataResponse.swift */; };
		CB9FE6E928F575CA00A6599C /* MoviesRemoteDataSourceProtocol.swift in Sources */ = {isa = PBXBuildFile; fileRef = CB9FE6E828F575CA00A6599C /* MoviesRemoteDataSourceProtocol.swift */; };
		CB9FE6EC28F5772100A6599C /* TopRatedMovies.json in Resources */ = {isa = PBXBuildFile; fileRef = CB9FE6EB28F5772100A6599C /* TopRatedMovies.json */; };
		CB9FE6ED28F5772100A6599C /* TopRatedMovies.json in Resources */ = {isa = PBXBuildFile; fileRef = CB9FE6EB28F5772100A6599C /* TopRatedMovies.json */; };
		CB9FE6F328F5777200A6599C /* JSonLocalDataSource.swift in Sources */ = {isa = PBXBuildFile; fileRef = CB9FE6F228F5777200A6599C /* JSonLocalDataSource.swift */; };
		CB9FE6F428F5777200A6599C /* JSonLocalDataSource.swift in Sources */ = {isa = PBXBuildFile; fileRef = CB9FE6F228F5777200A6599C /* JSonLocalDataSource.swift */; };
		CB9FE6F728F57AE800A6599C /* Movie+Preview.swift in Sources */ = {isa = PBXBuildFile; fileRef = CB9FE6F628F57AE800A6599C /* Movie+Preview.swift */; };
		CB9FE6F828F57AE800A6599C /* Movie+Preview.swift in Sources */ = {isa = PBXBuildFile; fileRef = CB9FE6F628F57AE800A6599C /* Movie+Preview.swift */; };
		CB9FE6FB28F585A000A6599C /* AppConstants.swift in Sources */ = {isa = PBXBuildFile; fileRef = CB9FE6FA28F585A000A6599C /* AppConstants.swift */; };
		CB9FE6FC28F585A000A6599C /* AppConstants.swift in Sources */ = {isa = PBXBuildFile; fileRef = CB9FE6FA28F585A000A6599C /* AppConstants.swift */; };
		CB9FE6FE28F5F84000A6599C /* AlertItem.swift in Sources */ = {isa = PBXBuildFile; fileRef = CB9FE6FD28F5F84000A6599C /* AlertItem.swift */; };
		CB9FE70028F6042000A6599C /* ActivityView.swift in Sources */ = {isa = PBXBuildFile; fileRef = CB9FE6FF28F6042000A6599C /* ActivityView.swift */; };
/* End PBXBuildFile section */

/* Begin PBXContainerItemProxy section */
		CB9FE67D28F36C4D00A6599C /* PBXContainerItemProxy */ = {
			isa = PBXContainerItemProxy;
			containerPortal = CB9FE66428F36C4B00A6599C /* Project object */;
			proxyType = 1;
			remoteGlobalIDString = CB9FE66B28F36C4B00A6599C;
			remoteInfo = TheMovieApp;
		};
		CB9FE68728F36C4D00A6599C /* PBXContainerItemProxy */ = {
			isa = PBXContainerItemProxy;
			containerPortal = CB9FE66428F36C4B00A6599C /* Project object */;
			proxyType = 1;
			remoteGlobalIDString = CB9FE66B28F36C4B00A6599C;
			remoteInfo = TheMovieApp;
		};
/* End PBXContainerItemProxy section */

/* Begin PBXFileReference section */
		CB9FE66C28F36C4B00A6599C /* TheMovieApp.app */ = {isa = PBXFileReference; explicitFileType = wrapper.application; includeInIndex = 0; path = TheMovieApp.app; sourceTree = BUILT_PRODUCTS_DIR; };
		CB9FE66F28F36C4B00A6599C /* TheMovieAppApp.swift */ = {isa = PBXFileReference; lastKnownFileType = sourcecode.swift; path = TheMovieAppApp.swift; sourceTree = "<group>"; };
		CB9FE67128F36C4B00A6599C /* ContentView.swift */ = {isa = PBXFileReference; lastKnownFileType = sourcecode.swift; path = ContentView.swift; sourceTree = "<group>"; };
		CB9FE67328F36C4D00A6599C /* Assets.xcassets */ = {isa = PBXFileReference; lastKnownFileType = folder.assetcatalog; path = Assets.xcassets; sourceTree = "<group>"; };
		CB9FE67628F36C4D00A6599C /* Preview Assets.xcassets */ = {isa = PBXFileReference; lastKnownFileType = folder.assetcatalog; path = "Preview Assets.xcassets"; sourceTree = "<group>"; };
		CB9FE67C28F36C4D00A6599C /* TheMovieAppTests.xctest */ = {isa = PBXFileReference; explicitFileType = wrapper.cfbundle; includeInIndex = 0; path = TheMovieAppTests.xctest; sourceTree = BUILT_PRODUCTS_DIR; };
		CB9FE68028F36C4D00A6599C /* TheMovieAppTests.swift */ = {isa = PBXFileReference; lastKnownFileType = sourcecode.swift; path = TheMovieAppTests.swift; sourceTree = "<group>"; };
		CB9FE68628F36C4D00A6599C /* TheMovieAppUITests.xctest */ = {isa = PBXFileReference; explicitFileType = wrapper.cfbundle; includeInIndex = 0; path = TheMovieAppUITests.xctest; sourceTree = BUILT_PRODUCTS_DIR; };
		CB9FE68A28F36C4D00A6599C /* TheMovieAppUITests.swift */ = {isa = PBXFileReference; lastKnownFileType = sourcecode.swift; path = TheMovieAppUITests.swift; sourceTree = "<group>"; };
		CB9FE68C28F36C4D00A6599C /* TheMovieAppUITestsLaunchTests.swift */ = {isa = PBXFileReference; lastKnownFileType = sourcecode.swift; path = TheMovieAppUITestsLaunchTests.swift; sourceTree = "<group>"; };
		CB9FE69A28F40EBC00A6599C /* MovieRowView.swift */ = {isa = PBXFileReference; lastKnownFileType = sourcecode.swift; path = MovieRowView.swift; sourceTree = "<group>"; };
		CB9FE69D28F4153600A6599C /* BackButton.swift */ = {isa = PBXFileReference; lastKnownFileType = sourcecode.swift; path = BackButton.swift; sourceTree = "<group>"; };
		CB9FE69F28F417F800A6599C /* WatchedStatusView.swift */ = {isa = PBXFileReference; lastKnownFileType = sourcecode.swift; path = WatchedStatusView.swift; sourceTree = "<group>"; };
		CB9FE6A128F4188200A6599C /* FavouriteStatusView.swift */ = {isa = PBXFileReference; lastKnownFileType = sourcecode.swift; path = FavouriteStatusView.swift; sourceTree = "<group>"; };
		CB9FE6A328F41E2F00A6599C /* MoviesListView.swift */ = {isa = PBXFileReference; lastKnownFileType = sourcecode.swift; path = MoviesListView.swift; sourceTree = "<group>"; };
		CB9FE6A628F41EDD00A6599C /* Color+Extensions.swift */ = {isa = PBXFileReference; lastKnownFileType = sourcecode.swift; path = "Color+Extensions.swift"; sourceTree = "<group>"; };
		CB9FE6A828F42E5700A6599C /* Info.plist */ = {isa = PBXFileReference; lastKnownFileType = text.plist; path = Info.plist; sourceTree = "<group>"; };
		CB9FE6A928F42EC800A6599C /* MovieDetailView.swift */ = {isa = PBXFileReference; lastKnownFileType = sourcecode.swift; path = MovieDetailView.swift; sourceTree = "<group>"; };
		CB9FE6AE28F44A7600A6599C /* URLRequest+Extension.swift */ = {isa = PBXFileReference; lastKnownFileType = sourcecode.swift; path = "URLRequest+Extension.swift"; sourceTree = "<group>"; };
		CB9FE6B028F44A9500A6599C /* APIEndpoint.swift */ = {isa = PBXFileReference; lastKnownFileType = sourcecode.swift; path = APIEndpoint.swift; sourceTree = "<group>"; };
		CB9FE6B228F44AC200A6599C /* APIMethod.swift */ = {isa = PBXFileReference; lastKnownFileType = sourcecode.swift; path = APIMethod.swift; sourceTree = "<group>"; };
		CB9FE6B428F44B0C00A6599C /* AuthenticationLocalDataSource.swift */ = {isa = PBXFileReference; lastKnownFileType = sourcecode.swift; path = AuthenticationLocalDataSource.swift; sourceTree = "<group>"; };
		CB9FE6B628F44C7900A6599C /* APIClient.swift */ = {isa = PBXFileReference; lastKnownFileType = sourcecode.swift; path = APIClient.swift; sourceTree = "<group>"; };
		CB9FE6C528F4537C00A6599C /* NetworkError.swift */ = {isa = PBXFileReference; lastKnownFileType = sourcecode.swift; path = NetworkError.swift; sourceTree = "<group>"; };
		CB9FE6C728F4543D00A6599C /* Logger.swift */ = {isa = PBXFileReference; lastKnownFileType = sourcecode.swift; path = Logger.swift; sourceTree = "<group>"; };
		CB9FE6C928F454C800A6599C /* ErrorResponse.swift */ = {isa = PBXFileReference; lastKnownFileType = sourcecode.swift; path = ErrorResponse.swift; sourceTree = "<group>"; };
		CB9FE6CB28F4552500A6599C /* ConnectivityManager.swift */ = {isa = PBXFileReference; lastKnownFileType = sourcecode.swift; path = ConnectivityManager.swift; sourceTree = "<group>"; };
		CB9FE6CE28F4560C00A6599C /* BaseRemoteDataSource.swift */ = {isa = PBXFileReference; lastKnownFileType = sourcecode.swift; path = BaseRemoteDataSource.swift; sourceTree = "<group>"; };
		CB9FE6D128F4583100A6599C /* MoviesRemoteDataSource.swift */ = {isa = PBXFileReference; lastKnownFileType = sourcecode.swift; path = MoviesRemoteDataSource.swift; sourceTree = "<group>"; };
		CB9FE6D428F4586300A6599C /* MoviesResponse.swift */ = {isa = PBXFileReference; lastKnownFileType = sourcecode.swift; path = MoviesResponse.swift; sourceTree = "<group>"; };
		CB9FE6D628F458DE00A6599C /* Movie.swift */ = {isa = PBXFileReference; lastKnownFileType = sourcecode.swift; path = Movie.swift; sourceTree = "<group>"; };
		CB9FE6D928F4591F00A6599C /* MoviesUseCase.swift */ = {isa = PBXFileReference; lastKnownFileType = sourcecode.swift; path = MoviesUseCase.swift; sourceTree = "<group>"; };
		CB9FE6DB28F4592B00A6599C /* MoviesUseCaseProtocol.swift */ = {isa = PBXFileReference; lastKnownFileType = sourcecode.swift; path = MoviesUseCaseProtocol.swift; sourceTree = "<group>"; };
		CB9FE6E028F4602D00A6599C /* BaseViewModel.swift */ = {isa = PBXFileReference; lastKnownFileType = sourcecode.swift; path = BaseViewModel.swift; sourceTree = "<group>"; };
		CB9FE6E228F4603700A6599C /* MoviesViewModel.swift */ = {isa = PBXFileReference; lastKnownFileType = sourcecode.swift; path = MoviesViewModel.swift; sourceTree = "<group>"; };
		CB9FE6E428F4610400A6599C /* MoviesUseCaseMockup.swift */ = {isa = PBXFileReference; lastKnownFileType = sourcecode.swift; path = MoviesUseCaseMockup.swift; sourceTree = "<group>"; };
		CB9FE6E628F5733A00A6599C /* APIMetaDataResponse.swift */ = {isa = PBXFileReference; lastKnownFileType = sourcecode.swift; path = APIMetaDataResponse.swift; sourceTree = "<group>"; };
		CB9FE6E828F575CA00A6599C /* MoviesRemoteDataSourceProtocol.swift */ = {isa = PBXFileReference; lastKnownFileType = sourcecode.swift; path = MoviesRemoteDataSourceProtocol.swift; sourceTree = "<group>"; };
		CB9FE6EB28F5772100A6599C /* TopRatedMovies.json */ = {isa = PBXFileReference; fileEncoding = 4; lastKnownFileType = text.json; path = TopRatedMovies.json; sourceTree = "<group>"; };
		CB9FE6F228F5777200A6599C /* JSonLocalDataSource.swift */ = {isa = PBXFileReference; lastKnownFileType = sourcecode.swift; path = JSonLocalDataSource.swift; sourceTree = "<group>"; };
		CB9FE6F628F57AE800A6599C /* Movie+Preview.swift */ = {isa = PBXFileReference; lastKnownFileType = sourcecode.swift; path = "Movie+Preview.swift"; sourceTree = "<group>"; };
		CB9FE6FA28F585A000A6599C /* AppConstants.swift */ = {isa = PBXFileReference; lastKnownFileType = sourcecode.swift; path = AppConstants.swift; sourceTree = "<group>"; };
		CB9FE6FD28F5F84000A6599C /* AlertItem.swift */ = {isa = PBXFileReference; lastKnownFileType = sourcecode.swift; path = AlertItem.swift; sourceTree = "<group>"; };
		CB9FE6FF28F6042000A6599C /* ActivityView.swift */ = {isa = PBXFileReference; lastKnownFileType = sourcecode.swift; path = ActivityView.swift; sourceTree = "<group>"; };
/* End PBXFileReference section */

/* Begin PBXFrameworksBuildPhase section */
		CB9FE66928F36C4B00A6599C /* Frameworks */ = {
			isa = PBXFrameworksBuildPhase;
			buildActionMask = 2147483647;
			files = (
				CB9FE6C428F44F2000A6599C /* SDWebImageSwiftUI in Frameworks */,
				CB9FE6BE28F44DDA00A6599C /* RxSwift in Frameworks */,
				CB9FE6C128F44EAF00A6599C /* RxAlamofire in Frameworks */,
				CB9FE6BC28F44DDA00A6599C /* RxRelay in Frameworks */,
				CB9FE6BA28F44DDA00A6599C /* RxCocoa in Frameworks */,
			);
			runOnlyForDeploymentPostprocessing = 0;
		};
		CB9FE67928F36C4D00A6599C /* Frameworks */ = {
			isa = PBXFrameworksBuildPhase;
			buildActionMask = 2147483647;
			files = (
			);
			runOnlyForDeploymentPostprocessing = 0;
		};
		CB9FE68328F36C4D00A6599C /* Frameworks */ = {
			isa = PBXFrameworksBuildPhase;
			buildActionMask = 2147483647;
			files = (
			);
			runOnlyForDeploymentPostprocessing = 0;
		};
/* End PBXFrameworksBuildPhase section */

/* Begin PBXGroup section */
		CB9FE66328F36C4B00A6599C = {
			isa = PBXGroup;
			children = (
				CB9FE66E28F36C4B00A6599C /* TheMovieApp */,
				CB9FE67F28F36C4D00A6599C /* TheMovieAppTests */,
				CB9FE68928F36C4D00A6599C /* TheMovieAppUITests */,
				CB9FE66D28F36C4B00A6599C /* Products */,
			);
			sourceTree = "<group>";
		};
		CB9FE66D28F36C4B00A6599C /* Products */ = {
			isa = PBXGroup;
			children = (
				CB9FE66C28F36C4B00A6599C /* TheMovieApp.app */,
				CB9FE67C28F36C4D00A6599C /* TheMovieAppTests.xctest */,
				CB9FE68628F36C4D00A6599C /* TheMovieAppUITests.xctest */,
			);
			name = Products;
			sourceTree = "<group>";
		};
		CB9FE66E28F36C4B00A6599C /* TheMovieApp */ = {
			isa = PBXGroup;
			children = (
				CB9FE6A828F42E5700A6599C /* Info.plist */,
				CB9FE66F28F36C4B00A6599C /* TheMovieAppApp.swift */,
				CB9FE6EA28F576D100A6599C /* Resources */,
				CB9FE69928F40DE000A6599C /* Views */,
				CB9FE6D328F4585900A6599C /* Model */,
				CB9FE6DD28F4600900A6599C /* View Models */,
				CB9FE6D028F4582700A6599C /* DataSource */,
				CB9FE6D828F4590A00A6599C /* Use Cases */,
				CB9FE6AB28F44A0A00A6599C /* Networking */,
				CB9FE6A528F41ED000A6599C /* Extensions */,
				CB9FE67328F36C4D00A6599C /* Assets.xcassets */,
				CB9FE6F928F5859400A6599C /* Constants */,
				CB9FE67528F36C4D00A6599C /* Preview Content */,
			);
			path = TheMovieApp;
			sourceTree = "<group>";
		};
		CB9FE67528F36C4D00A6599C /* Preview Content */ = {
			isa = PBXGroup;
			children = (
				CB9FE67628F36C4D00A6599C /* Preview Assets.xcassets */,
				CB9FE6F628F57AE800A6599C /* Movie+Preview.swift */,
			);
			path = "Preview Content";
			sourceTree = "<group>";
		};
		CB9FE67F28F36C4D00A6599C /* TheMovieAppTests */ = {
			isa = PBXGroup;
			children = (
				CB9FE68028F36C4D00A6599C /* TheMovieAppTests.swift */,
			);
			path = TheMovieAppTests;
			sourceTree = "<group>";
		};
		CB9FE68928F36C4D00A6599C /* TheMovieAppUITests */ = {
			isa = PBXGroup;
			children = (
				CB9FE68A28F36C4D00A6599C /* TheMovieAppUITests.swift */,
				CB9FE68C28F36C4D00A6599C /* TheMovieAppUITestsLaunchTests.swift */,
			);
			path = TheMovieAppUITests;
			sourceTree = "<group>";
		};
		CB9FE69928F40DE000A6599C /* Views */ = {
			isa = PBXGroup;
			children = (
				CB9FE67128F36C4B00A6599C /* ContentView.swift */,
				CB9FE6A328F41E2F00A6599C /* MoviesListView.swift */,
				CB9FE6A928F42EC800A6599C /* MovieDetailView.swift */,
				CB9FE69A28F40EBC00A6599C /* MovieRowView.swift */,
				CB9FE69C28F4151B00A6599C /* Common Views */,
				CB9FE6FF28F6042000A6599C /* ActivityView.swift */,
			);
			path = Views;
			sourceTree = "<group>";
		};
		CB9FE69C28F4151B00A6599C /* Common Views */ = {
			isa = PBXGroup;
			children = (
				CB9FE69D28F4153600A6599C /* BackButton.swift */,
				CB9FE69F28F417F800A6599C /* WatchedStatusView.swift */,
				CB9FE6A128F4188200A6599C /* FavouriteStatusView.swift */,
			);
			path = "Common Views";
			sourceTree = "<group>";
		};
		CB9FE6A528F41ED000A6599C /* Extensions */ = {
			isa = PBXGroup;
			children = (
				CB9FE6A628F41EDD00A6599C /* Color+Extensions.swift */,
				CB9FE6AE28F44A7600A6599C /* URLRequest+Extension.swift */,
			);
			path = Extensions;
			sourceTree = "<group>";
		};
		CB9FE6AB28F44A0A00A6599C /* Networking */ = {
			isa = PBXGroup;
			children = (
				CB9FE6B028F44A9500A6599C /* APIEndpoint.swift */,
				CB9FE6B228F44AC200A6599C /* APIMethod.swift */,
				CB9FE6B428F44B0C00A6599C /* AuthenticationLocalDataSource.swift */,
				CB9FE6B628F44C7900A6599C /* APIClient.swift */,
				CB9FE6C928F454C800A6599C /* ErrorResponse.swift */,
				CB9FE6C528F4537C00A6599C /* NetworkError.swift */,
				CB9FE6C728F4543D00A6599C /* Logger.swift */,
				CB9FE6CB28F4552500A6599C /* ConnectivityManager.swift */,
				CB9FE6CD28F4560000A6599C /* Generics */,
			);
			path = Networking;
			sourceTree = "<group>";
		};
		CB9FE6CD28F4560000A6599C /* Generics */ = {
			isa = PBXGroup;
			children = (
				CB9FE6CE28F4560C00A6599C /* BaseRemoteDataSource.swift */,
			);
			path = Generics;
			sourceTree = "<group>";
		};
		CB9FE6D028F4582700A6599C /* DataSource */ = {
			isa = PBXGroup;
			children = (
				CB9FE6E828F575CA00A6599C /* MoviesRemoteDataSourceProtocol.swift */,
				CB9FE6D128F4583100A6599C /* MoviesRemoteDataSource.swift */,
				CB9FE6F528F5777C00A6599C /* Locals */,
			);
			path = DataSource;
			sourceTree = "<group>";
		};
		CB9FE6D328F4585900A6599C /* Model */ = {
			isa = PBXGroup;
			children = (
				CB9FE6D428F4586300A6599C /* MoviesResponse.swift */,
				CB9FE6E628F5733A00A6599C /* APIMetaDataResponse.swift */,
				CB9FE6D628F458DE00A6599C /* Movie.swift */,
				CB9FE6FD28F5F84000A6599C /* AlertItem.swift */,
			);
			path = Model;
			sourceTree = "<group>";
		};
		CB9FE6D828F4590A00A6599C /* Use Cases */ = {
			isa = PBXGroup;
			children = (
				CB9FE6DB28F4592B00A6599C /* MoviesUseCaseProtocol.swift */,
				CB9FE6D928F4591F00A6599C /* MoviesUseCase.swift */,
				CB9FE6E428F4610400A6599C /* MoviesUseCaseMockup.swift */,
			);
			path = "Use Cases";
			sourceTree = "<group>";
		};
		CB9FE6DD28F4600900A6599C /* View Models */ = {
			isa = PBXGroup;
			children = (
				CB9FE6E028F4602D00A6599C /* BaseViewModel.swift */,
				CB9FE6E228F4603700A6599C /* MoviesViewModel.swift */,
			);
			path = "View Models";
			sourceTree = "<group>";
		};
		CB9FE6EA28F576D100A6599C /* Resources */ = {
			isa = PBXGroup;
			children = (
				CB9FE6F128F5775800A6599C /* Mockup */,
			);
			path = Resources;
			sourceTree = "<group>";
		};
		CB9FE6F128F5775800A6599C /* Mockup */ = {
			isa = PBXGroup;
			children = (
				CB9FE6EB28F5772100A6599C /* TopRatedMovies.json */,
			);
			path = Mockup;
			sourceTree = "<group>";
		};
		CB9FE6F528F5777C00A6599C /* Locals */ = {
			isa = PBXGroup;
			children = (
				CB9FE6F228F5777200A6599C /* JSonLocalDataSource.swift */,
			);
			path = Locals;
			sourceTree = "<group>";
		};
		CB9FE6F928F5859400A6599C /* Constants */ = {
			isa = PBXGroup;
			children = (
				CB9FE6FA28F585A000A6599C /* AppConstants.swift */,
			);
			path = Constants;
			sourceTree = "<group>";
		};
/* End PBXGroup section */

/* Begin PBXNativeTarget section */
		CB9FE66B28F36C4B00A6599C /* TheMovieApp */ = {
			isa = PBXNativeTarget;
			buildConfigurationList = CB9FE69028F36C4D00A6599C /* Build configuration list for PBXNativeTarget "TheMovieApp" */;
			buildPhases = (
				CB9FE66828F36C4B00A6599C /* Sources */,
				CB9FE66928F36C4B00A6599C /* Frameworks */,
				CB9FE66A28F36C4B00A6599C /* Resources */,
			);
			buildRules = (
			);
			dependencies = (
			);
			name = TheMovieApp;
			packageProductDependencies = (
				CB9FE6B928F44DDA00A6599C /* RxCocoa */,
				CB9FE6BB28F44DDA00A6599C /* RxRelay */,
				CB9FE6BD28F44DDA00A6599C /* RxSwift */,
				CB9FE6C028F44EAF00A6599C /* RxAlamofire */,
				CB9FE6C328F44F2000A6599C /* SDWebImageSwiftUI */,
			);
			productName = TheMovieApp;
			productReference = CB9FE66C28F36C4B00A6599C /* TheMovieApp.app */;
			productType = "com.apple.product-type.application";
		};
		CB9FE67B28F36C4D00A6599C /* TheMovieAppTests */ = {
			isa = PBXNativeTarget;
			buildConfigurationList = CB9FE69328F36C4D00A6599C /* Build configuration list for PBXNativeTarget "TheMovieAppTests" */;
			buildPhases = (
				CB9FE67828F36C4D00A6599C /* Sources */,
				CB9FE67928F36C4D00A6599C /* Frameworks */,
				CB9FE67A28F36C4D00A6599C /* Resources */,
			);
			buildRules = (
			);
			dependencies = (
				CB9FE67E28F36C4D00A6599C /* PBXTargetDependency */,
			);
			name = TheMovieAppTests;
			productName = TheMovieAppTests;
			productReference = CB9FE67C28F36C4D00A6599C /* TheMovieAppTests.xctest */;
			productType = "com.apple.product-type.bundle.unit-test";
		};
		CB9FE68528F36C4D00A6599C /* TheMovieAppUITests */ = {
			isa = PBXNativeTarget;
			buildConfigurationList = CB9FE69628F36C4D00A6599C /* Build configuration list for PBXNativeTarget "TheMovieAppUITests" */;
			buildPhases = (
				CB9FE68228F36C4D00A6599C /* Sources */,
				CB9FE68328F36C4D00A6599C /* Frameworks */,
				CB9FE68428F36C4D00A6599C /* Resources */,
			);
			buildRules = (
			);
			dependencies = (
				CB9FE68828F36C4D00A6599C /* PBXTargetDependency */,
			);
			name = TheMovieAppUITests;
			productName = TheMovieAppUITests;
			productReference = CB9FE68628F36C4D00A6599C /* TheMovieAppUITests.xctest */;
			productType = "com.apple.product-type.bundle.ui-testing";
		};
/* End PBXNativeTarget section */

/* Begin PBXProject section */
		CB9FE66428F36C4B00A6599C /* Project object */ = {
			isa = PBXProject;
			attributes = {
				BuildIndependentTargetsInParallel = 1;
				LastSwiftUpdateCheck = 1400;
				LastUpgradeCheck = 1400;
				TargetAttributes = {
					CB9FE66B28F36C4B00A6599C = {
						CreatedOnToolsVersion = 14.0;
					};
					CB9FE67B28F36C4D00A6599C = {
						CreatedOnToolsVersion = 14.0;
						TestTargetID = CB9FE66B28F36C4B00A6599C;
					};
					CB9FE68528F36C4D00A6599C = {
						CreatedOnToolsVersion = 14.0;
						TestTargetID = CB9FE66B28F36C4B00A6599C;
					};
				};
			};
			buildConfigurationList = CB9FE66728F36C4B00A6599C /* Build configuration list for PBXProject "TheMovieApp" */;
			compatibilityVersion = "Xcode 14.0";
			developmentRegion = en;
			hasScannedForEncodings = 0;
			knownRegions = (
				en,
				Base,
			);
			mainGroup = CB9FE66328F36C4B00A6599C;
			packageReferences = (
				CB9FE6B828F44DDA00A6599C /* XCRemoteSwiftPackageReference "RxSwift" */,
				CB9FE6BF28F44EAF00A6599C /* XCRemoteSwiftPackageReference "RxAlamofire" */,
				CB9FE6C228F44F2000A6599C /* XCRemoteSwiftPackageReference "SDWebImageSwiftUI" */,
			);
			productRefGroup = CB9FE66D28F36C4B00A6599C /* Products */;
			projectDirPath = "";
			projectRoot = "";
			targets = (
				CB9FE66B28F36C4B00A6599C /* TheMovieApp */,
				CB9FE67B28F36C4D00A6599C /* TheMovieAppTests */,
				CB9FE68528F36C4D00A6599C /* TheMovieAppUITests */,
			);
		};
/* End PBXProject section */

/* Begin PBXResourcesBuildPhase section */
		CB9FE66A28F36C4B00A6599C /* Resources */ = {
			isa = PBXResourcesBuildPhase;
			buildActionMask = 2147483647;
			files = (
				CB9FE67728F36C4D00A6599C /* Preview Assets.xcassets in Resources */,
				CB9FE6EC28F5772100A6599C /* TopRatedMovies.json in Resources */,
				CB9FE67428F36C4D00A6599C /* Assets.xcassets in Resources */,
			);
			runOnlyForDeploymentPostprocessing = 0;
		};
		CB9FE67A28F36C4D00A6599C /* Resources */ = {
			isa = PBXResourcesBuildPhase;
			buildActionMask = 2147483647;
			files = (
				CB9FE6ED28F5772100A6599C /* TopRatedMovies.json in Resources */,
			);
			runOnlyForDeploymentPostprocessing = 0;
		};
		CB9FE68428F36C4D00A6599C /* Resources */ = {
			isa = PBXResourcesBuildPhase;
			buildActionMask = 2147483647;
			files = (
			);
			runOnlyForDeploymentPostprocessing = 0;
		};
/* End PBXResourcesBuildPhase section */

/* Begin PBXSourcesBuildPhase section */
		CB9FE66828F36C4B00A6599C /* Sources */ = {
			isa = PBXSourcesBuildPhase;
			buildActionMask = 2147483647;
			files = (
				CB9FE6F728F57AE800A6599C /* Movie+Preview.swift in Sources */,
				CB9FE6CC28F4552500A6599C /* ConnectivityManager.swift in Sources */,
				CB9FE6D228F4583100A6599C /* MoviesRemoteDataSource.swift in Sources */,
				CB9FE6A028F417F800A6599C /* WatchedStatusView.swift in Sources */,
				CB9FE6B728F44C7900A6599C /* APIClient.swift in Sources */,
				CB9FE6B128F44A9500A6599C /* APIEndpoint.swift in Sources */,
				CB9FE6A428F41E2F00A6599C /* MoviesListView.swift in Sources */,
				CB9FE69E28F4153600A6599C /* BackButton.swift in Sources */,
				CB9FE6E128F4602D00A6599C /* BaseViewModel.swift in Sources */,
				CB9FE70028F6042000A6599C /* ActivityView.swift in Sources */,
				CB9FE6E928F575CA00A6599C /* MoviesRemoteDataSourceProtocol.swift in Sources */,
				CB9FE6AA28F42EC800A6599C /* MovieDetailView.swift in Sources */,
				CB9FE6FB28F585A000A6599C /* AppConstants.swift in Sources */,
				CB9FE6B328F44AC200A6599C /* APIMethod.swift in Sources */,
				CB9FE6CA28F454C800A6599C /* ErrorResponse.swift in Sources */,
				CB9FE6C828F4543D00A6599C /* Logger.swift in Sources */,
				CB9FE6A728F41EDD00A6599C /* Color+Extensions.swift in Sources */,
				CB9FE6A228F4188200A6599C /* FavouriteStatusView.swift in Sources */,
				CB9FE6C628F4537C00A6599C /* NetworkError.swift in Sources */,
				CB9FE6F328F5777200A6599C /* JSonLocalDataSource.swift in Sources */,
				CB9FE67228F36C4B00A6599C /* ContentView.swift in Sources */,
				CB9FE6CF28F4560C00A6599C /* BaseRemoteDataSource.swift in Sources */,
				CB9FE69B28F40EBC00A6599C /* MovieRowView.swift in Sources */,
				CB9FE6FE28F5F84000A6599C /* AlertItem.swift in Sources */,
				CB9FE6E728F5733A00A6599C /* APIMetaDataResponse.swift in Sources */,
				CB9FE6D528F4586300A6599C /* MoviesResponse.swift in Sources */,
				CB9FE6B528F44B0C00A6599C /* AuthenticationLocalDataSource.swift in Sources */,
				CB9FE6DA28F4591F00A6599C /* MoviesUseCase.swift in Sources */,
				CB9FE6E328F4603700A6599C /* MoviesViewModel.swift in Sources */,
				CB9FE6DC28F4592B00A6599C /* MoviesUseCaseProtocol.swift in Sources */,
				CB9FE67028F36C4B00A6599C /* TheMovieAppApp.swift in Sources */,
				CB9FE6D728F458DE00A6599C /* Movie.swift in Sources */,
				CB9FE6AF28F44A7600A6599C /* URLRequest+Extension.swift in Sources */,
				CB9FE6E528F4610400A6599C /* MoviesUseCaseMockup.swift in Sources */,
			);
			runOnlyForDeploymentPostprocessing = 0;
		};
		CB9FE67828F36C4D00A6599C /* Sources */ = {
			isa = PBXSourcesBuildPhase;
			buildActionMask = 2147483647;
			files = (
				CB9FE6F428F5777200A6599C /* JSonLocalDataSource.swift in Sources */,
				CB9FE6F828F57AE800A6599C /* Movie+Preview.swift in Sources */,
				CB9FE68128F36C4D00A6599C /* TheMovieAppTests.swift in Sources */,
				CB9FE6FC28F585A000A6599C /* AppConstants.swift in Sources */,
			);
			runOnlyForDeploymentPostprocessing = 0;
		};
		CB9FE68228F36C4D00A6599C /* Sources */ = {
			isa = PBXSourcesBuildPhase;
			buildActionMask = 2147483647;
			files = (
				CB9FE68B28F36C4D00A6599C /* TheMovieAppUITests.swift in Sources */,
				CB9FE68D28F36C4D00A6599C /* TheMovieAppUITestsLaunchTests.swift in Sources */,
			);
			runOnlyForDeploymentPostprocessing = 0;
		};
/* End PBXSourcesBuildPhase section */

/* Begin PBXTargetDependency section */
		CB9FE67E28F36C4D00A6599C /* PBXTargetDependency */ = {
			isa = PBXTargetDependency;
			target = CB9FE66B28F36C4B00A6599C /* TheMovieApp */;
			targetProxy = CB9FE67D28F36C4D00A6599C /* PBXContainerItemProxy */;
		};
		CB9FE68828F36C4D00A6599C /* PBXTargetDependency */ = {
			isa = PBXTargetDependency;
			target = CB9FE66B28F36C4B00A6599C /* TheMovieApp */;
			targetProxy = CB9FE68728F36C4D00A6599C /* PBXContainerItemProxy */;
		};
/* End PBXTargetDependency section */

/* Begin XCBuildConfiguration section */
		CB9FE68E28F36C4D00A6599C /* Debug */ = {
			isa = XCBuildConfiguration;
			buildSettings = {
				ALWAYS_SEARCH_USER_PATHS = NO;
				CLANG_ANALYZER_NONNULL = YES;
				CLANG_ANALYZER_NUMBER_OBJECT_CONVERSION = YES_AGGRESSIVE;
				CLANG_CXX_LANGUAGE_STANDARD = "gnu++20";
				CLANG_ENABLE_MODULES = YES;
				CLANG_ENABLE_OBJC_ARC = YES;
				CLANG_ENABLE_OBJC_WEAK = YES;
				CLANG_WARN_BLOCK_CAPTURE_AUTORELEASING = YES;
				CLANG_WARN_BOOL_CONVERSION = YES;
				CLANG_WARN_COMMA = YES;
				CLANG_WARN_CONSTANT_CONVERSION = YES;
				CLANG_WARN_DEPRECATED_OBJC_IMPLEMENTATIONS = YES;
				CLANG_WARN_DIRECT_OBJC_ISA_USAGE = YES_ERROR;
				CLANG_WARN_DOCUMENTATION_COMMENTS = YES;
				CLANG_WARN_EMPTY_BODY = YES;
				CLANG_WARN_ENUM_CONVERSION = YES;
				CLANG_WARN_INFINITE_RECURSION = YES;
				CLANG_WARN_INT_CONVERSION = YES;
				CLANG_WARN_NON_LITERAL_NULL_CONVERSION = YES;
				CLANG_WARN_OBJC_IMPLICIT_RETAIN_SELF = YES;
				CLANG_WARN_OBJC_LITERAL_CONVERSION = YES;
				CLANG_WARN_OBJC_ROOT_CLASS = YES_ERROR;
				CLANG_WARN_QUOTED_INCLUDE_IN_FRAMEWORK_HEADER = YES;
				CLANG_WARN_RANGE_LOOP_ANALYSIS = YES;
				CLANG_WARN_STRICT_PROTOTYPES = YES;
				CLANG_WARN_SUSPICIOUS_MOVE = YES;
				CLANG_WARN_UNGUARDED_AVAILABILITY = YES_AGGRESSIVE;
				CLANG_WARN_UNREACHABLE_CODE = YES;
				CLANG_WARN__DUPLICATE_METHOD_MATCH = YES;
				COPY_PHASE_STRIP = NO;
				DEBUG_INFORMATION_FORMAT = dwarf;
				ENABLE_STRICT_OBJC_MSGSEND = YES;
				ENABLE_TESTABILITY = YES;
				GCC_C_LANGUAGE_STANDARD = gnu11;
				GCC_DYNAMIC_NO_PIC = NO;
				GCC_NO_COMMON_BLOCKS = YES;
				GCC_OPTIMIZATION_LEVEL = 0;
				GCC_PREPROCESSOR_DEFINITIONS = (
					"DEBUG=1",
					"$(inherited)",
				);
				GCC_WARN_64_TO_32_BIT_CONVERSION = YES;
				GCC_WARN_ABOUT_RETURN_TYPE = YES_ERROR;
				GCC_WARN_UNDECLARED_SELECTOR = YES;
				GCC_WARN_UNINITIALIZED_AUTOS = YES_AGGRESSIVE;
				GCC_WARN_UNUSED_FUNCTION = YES;
				GCC_WARN_UNUSED_VARIABLE = YES;
				IPHONEOS_DEPLOYMENT_TARGET = 16.0;
				MTL_ENABLE_DEBUG_INFO = INCLUDE_SOURCE;
				MTL_FAST_MATH = YES;
				ONLY_ACTIVE_ARCH = YES;
				SDKROOT = iphoneos;
				SWIFT_ACTIVE_COMPILATION_CONDITIONS = DEBUG;
				SWIFT_OPTIMIZATION_LEVEL = "-Onone";
			};
			name = Debug;
		};
		CB9FE68F28F36C4D00A6599C /* Release */ = {
			isa = XCBuildConfiguration;
			buildSettings = {
				ALWAYS_SEARCH_USER_PATHS = NO;
				CLANG_ANALYZER_NONNULL = YES;
				CLANG_ANALYZER_NUMBER_OBJECT_CONVERSION = YES_AGGRESSIVE;
				CLANG_CXX_LANGUAGE_STANDARD = "gnu++20";
				CLANG_ENABLE_MODULES = YES;
				CLANG_ENABLE_OBJC_ARC = YES;
				CLANG_ENABLE_OBJC_WEAK = YES;
				CLANG_WARN_BLOCK_CAPTURE_AUTORELEASING = YES;
				CLANG_WARN_BOOL_CONVERSION = YES;
				CLANG_WARN_COMMA = YES;
				CLANG_WARN_CONSTANT_CONVERSION = YES;
				CLANG_WARN_DEPRECATED_OBJC_IMPLEMENTATIONS = YES;
				CLANG_WARN_DIRECT_OBJC_ISA_USAGE = YES_ERROR;
				CLANG_WARN_DOCUMENTATION_COMMENTS = YES;
				CLANG_WARN_EMPTY_BODY = YES;
				CLANG_WARN_ENUM_CONVERSION = YES;
				CLANG_WARN_INFINITE_RECURSION = YES;
				CLANG_WARN_INT_CONVERSION = YES;
				CLANG_WARN_NON_LITERAL_NULL_CONVERSION = YES;
				CLANG_WARN_OBJC_IMPLICIT_RETAIN_SELF = YES;
				CLANG_WARN_OBJC_LITERAL_CONVERSION = YES;
				CLANG_WARN_OBJC_ROOT_CLASS = YES_ERROR;
				CLANG_WARN_QUOTED_INCLUDE_IN_FRAMEWORK_HEADER = YES;
				CLANG_WARN_RANGE_LOOP_ANALYSIS = YES;
				CLANG_WARN_STRICT_PROTOTYPES = YES;
				CLANG_WARN_SUSPICIOUS_MOVE = YES;
				CLANG_WARN_UNGUARDED_AVAILABILITY = YES_AGGRESSIVE;
				CLANG_WARN_UNREACHABLE_CODE = YES;
				CLANG_WARN__DUPLICATE_METHOD_MATCH = YES;
				COPY_PHASE_STRIP = NO;
				DEBUG_INFORMATION_FORMAT = "dwarf-with-dsym";
				ENABLE_NS_ASSERTIONS = NO;
				ENABLE_STRICT_OBJC_MSGSEND = YES;
				GCC_C_LANGUAGE_STANDARD = gnu11;
				GCC_NO_COMMON_BLOCKS = YES;
				GCC_WARN_64_TO_32_BIT_CONVERSION = YES;
				GCC_WARN_ABOUT_RETURN_TYPE = YES_ERROR;
				GCC_WARN_UNDECLARED_SELECTOR = YES;
				GCC_WARN_UNINITIALIZED_AUTOS = YES_AGGRESSIVE;
				GCC_WARN_UNUSED_FUNCTION = YES;
				GCC_WARN_UNUSED_VARIABLE = YES;
				IPHONEOS_DEPLOYMENT_TARGET = 16.0;
				MTL_ENABLE_DEBUG_INFO = NO;
				MTL_FAST_MATH = YES;
				SDKROOT = iphoneos;
				SWIFT_COMPILATION_MODE = wholemodule;
				SWIFT_OPTIMIZATION_LEVEL = "-O";
				VALIDATE_PRODUCT = YES;
			};
			name = Release;
		};
		CB9FE69128F36C4D00A6599C /* Debug */ = {
			isa = XCBuildConfiguration;
			buildSettings = {
				ASSETCATALOG_COMPILER_APPICON_NAME = AppIcon;
				ASSETCATALOG_COMPILER_GLOBAL_ACCENT_COLOR_NAME = AccentColor;
				CODE_SIGN_IDENTITY = "Apple Development";
				CODE_SIGN_STYLE = Automatic;
				CURRENT_PROJECT_VERSION = 1;
				DEVELOPMENT_ASSET_PATHS = "\"TheMovieApp/Preview Content\"";
				DEVELOPMENT_TEAM = 6V9B6LUW22;
				ENABLE_PREVIEWS = YES;
				GENERATE_INFOPLIST_FILE = YES;
				INFOPLIST_FILE = TheMovieApp/Info.plist;
				INFOPLIST_KEY_UIApplicationSceneManifest_Generation = YES;
				INFOPLIST_KEY_UIApplicationSupportsIndirectInputEvents = YES;
				INFOPLIST_KEY_UILaunchScreen_Generation = YES;
				INFOPLIST_KEY_UIStatusBarStyle = UIStatusBarStyleLightContent;
				INFOPLIST_KEY_UISupportedInterfaceOrientations_iPad = "UIInterfaceOrientationPortrait UIInterfaceOrientationPortraitUpsideDown UIInterfaceOrientationLandscapeLeft UIInterfaceOrientationLandscapeRight";
				INFOPLIST_KEY_UISupportedInterfaceOrientations_iPhone = "UIInterfaceOrientationPortrait UIInterfaceOrientationLandscapeLeft UIInterfaceOrientationLandscapeRight";
				LD_RUNPATH_SEARCH_PATHS = (
					"$(inherited)",
					"@executable_path/Frameworks",
				);
				MARKETING_VERSION = 1.0;
				PRODUCT_BUNDLE_IDENTIFIER = com.abc.incs.cedricbahirwe.TheMovieApp;
				PRODUCT_NAME = "$(TARGET_NAME)";
				PROVISIONING_PROFILE_SPECIFIER = "";
				SWIFT_EMIT_LOC_STRINGS = YES;
				SWIFT_VERSION = 5.0;
				TARGETED_DEVICE_FAMILY = "1,2";
			};
			name = Debug;
		};
		CB9FE69228F36C4D00A6599C /* Release */ = {
			isa = XCBuildConfiguration;
			buildSettings = {
				ASSETCATALOG_COMPILER_APPICON_NAME = AppIcon;
				ASSETCATALOG_COMPILER_GLOBAL_ACCENT_COLOR_NAME = AccentColor;
				CODE_SIGN_IDENTITY = "Apple Development";
				CODE_SIGN_STYLE = Automatic;
				CURRENT_PROJECT_VERSION = 1;
				DEVELOPMENT_ASSET_PATHS = "\"TheMovieApp/Preview Content\"";
				DEVELOPMENT_TEAM = 6V9B6LUW22;
				ENABLE_PREVIEWS = YES;
				GENERATE_INFOPLIST_FILE = YES;
				INFOPLIST_FILE = TheMovieApp/Info.plist;
				INFOPLIST_KEY_UIApplicationSceneManifest_Generation = YES;
				INFOPLIST_KEY_UIApplicationSupportsIndirectInputEvents = YES;
				INFOPLIST_KEY_UILaunchScreen_Generation = YES;
				INFOPLIST_KEY_UIStatusBarStyle = UIStatusBarStyleLightContent;
				INFOPLIST_KEY_UISupportedInterfaceOrientations_iPad = "UIInterfaceOrientationPortrait UIInterfaceOrientationPortraitUpsideDown UIInterfaceOrientationLandscapeLeft UIInterfaceOrientationLandscapeRight";
				INFOPLIST_KEY_UISupportedInterfaceOrientations_iPhone = "UIInterfaceOrientationPortrait UIInterfaceOrientationLandscapeLeft UIInterfaceOrientationLandscapeRight";
				LD_RUNPATH_SEARCH_PATHS = (
					"$(inherited)",
					"@executable_path/Frameworks",
				);
				MARKETING_VERSION = 1.0;
				PRODUCT_BUNDLE_IDENTIFIER = com.abc.incs.cedricbahirwe.TheMovieApp;
				PRODUCT_NAME = "$(TARGET_NAME)";
				PROVISIONING_PROFILE_SPECIFIER = "";
				SWIFT_EMIT_LOC_STRINGS = YES;
				SWIFT_VERSION = 5.0;
				TARGETED_DEVICE_FAMILY = "1,2";
			};
			name = Release;
		};
		CB9FE69428F36C4D00A6599C /* Debug */ = {
			isa = XCBuildConfiguration;
			buildSettings = {
				ALWAYS_EMBED_SWIFT_STANDARD_LIBRARIES = YES;
				BUNDLE_LOADER = "$(TEST_HOST)";
				CODE_SIGN_STYLE = Automatic;
				CURRENT_PROJECT_VERSION = 1;
				DEVELOPMENT_TEAM = 6V9B6LUW22;
				GENERATE_INFOPLIST_FILE = YES;
				IPHONEOS_DEPLOYMENT_TARGET = 16.0;
				MARKETING_VERSION = 1.0;
				PRODUCT_BUNDLE_IDENTIFIER = com.abc.incs.cedricbahirwe.TheMovieAppTests;
				PRODUCT_NAME = "$(TARGET_NAME)";
				SWIFT_EMIT_LOC_STRINGS = NO;
				SWIFT_VERSION = 5.0;
				TARGETED_DEVICE_FAMILY = "1,2";
				TEST_HOST = "$(BUILT_PRODUCTS_DIR)/TheMovieApp.app/$(BUNDLE_EXECUTABLE_FOLDER_PATH)/TheMovieApp";
			};
			name = Debug;
		};
		CB9FE69528F36C4D00A6599C /* Release */ = {
			isa = XCBuildConfiguration;
			buildSettings = {
				ALWAYS_EMBED_SWIFT_STANDARD_LIBRARIES = YES;
				BUNDLE_LOADER = "$(TEST_HOST)";
				CODE_SIGN_STYLE = Automatic;
				CURRENT_PROJECT_VERSION = 1;
				DEVELOPMENT_TEAM = 6V9B6LUW22;
				GENERATE_INFOPLIST_FILE = YES;
				IPHONEOS_DEPLOYMENT_TARGET = 16.0;
				MARKETING_VERSION = 1.0;
				PRODUCT_BUNDLE_IDENTIFIER = com.abc.incs.cedricbahirwe.TheMovieAppTests;
				PRODUCT_NAME = "$(TARGET_NAME)";
				SWIFT_EMIT_LOC_STRINGS = NO;
				SWIFT_VERSION = 5.0;
				TARGETED_DEVICE_FAMILY = "1,2";
				TEST_HOST = "$(BUILT_PRODUCTS_DIR)/TheMovieApp.app/$(BUNDLE_EXECUTABLE_FOLDER_PATH)/TheMovieApp";
			};
			name = Release;
		};
		CB9FE69728F36C4D00A6599C /* Debug */ = {
			isa = XCBuildConfiguration;
			buildSettings = {
				ALWAYS_EMBED_SWIFT_STANDARD_LIBRARIES = YES;
				CODE_SIGN_STYLE = Automatic;
				CURRENT_PROJECT_VERSION = 1;
				DEVELOPMENT_TEAM = 6V9B6LUW22;
				GENERATE_INFOPLIST_FILE = YES;
				MARKETING_VERSION = 1.0;
				PRODUCT_BUNDLE_IDENTIFIER = com.abc.incs.cedricbahirwe.TheMovieAppUITests;
				PRODUCT_NAME = "$(TARGET_NAME)";
				SWIFT_EMIT_LOC_STRINGS = NO;
				SWIFT_VERSION = 5.0;
				TARGETED_DEVICE_FAMILY = "1,2";
				TEST_TARGET_NAME = TheMovieApp;
			};
			name = Debug;
		};
		CB9FE69828F36C4D00A6599C /* Release */ = {
			isa = XCBuildConfiguration;
			buildSettings = {
				ALWAYS_EMBED_SWIFT_STANDARD_LIBRARIES = YES;
				CODE_SIGN_STYLE = Automatic;
				CURRENT_PROJECT_VERSION = 1;
				DEVELOPMENT_TEAM = 6V9B6LUW22;
				GENERATE_INFOPLIST_FILE = YES;
				MARKETING_VERSION = 1.0;
				PRODUCT_BUNDLE_IDENTIFIER = com.abc.incs.cedricbahirwe.TheMovieAppUITests;
				PRODUCT_NAME = "$(TARGET_NAME)";
				SWIFT_EMIT_LOC_STRINGS = NO;
				SWIFT_VERSION = 5.0;
				TARGETED_DEVICE_FAMILY = "1,2";
				TEST_TARGET_NAME = TheMovieApp;
			};
			name = Release;
		};
/* End XCBuildConfiguration section */

/* Begin XCConfigurationList section */
		CB9FE66728F36C4B00A6599C /* Build configuration list for PBXProject "TheMovieApp" */ = {
			isa = XCConfigurationList;
			buildConfigurations = (
				CB9FE68E28F36C4D00A6599C /* Debug */,
				CB9FE68F28F36C4D00A6599C /* Release */,
			);
			defaultConfigurationIsVisible = 0;
			defaultConfigurationName = Release;
		};
		CB9FE69028F36C4D00A6599C /* Build configuration list for PBXNativeTarget "TheMovieApp" */ = {
			isa = XCConfigurationList;
			buildConfigurations = (
				CB9FE69128F36C4D00A6599C /* Debug */,
				CB9FE69228F36C4D00A6599C /* Release */,
			);
			defaultConfigurationIsVisible = 0;
			defaultConfigurationName = Release;
		};
		CB9FE69328F36C4D00A6599C /* Build configuration list for PBXNativeTarget "TheMovieAppTests" */ = {
			isa = XCConfigurationList;
			buildConfigurations = (
				CB9FE69428F36C4D00A6599C /* Debug */,
				CB9FE69528F36C4D00A6599C /* Release */,
			);
			defaultConfigurationIsVisible = 0;
			defaultConfigurationName = Release;
		};
		CB9FE69628F36C4D00A6599C /* Build configuration list for PBXNativeTarget "TheMovieAppUITests" */ = {
			isa = XCConfigurationList;
			buildConfigurations = (
				CB9FE69728F36C4D00A6599C /* Debug */,
				CB9FE69828F36C4D00A6599C /* Release */,
			);
			defaultConfigurationIsVisible = 0;
			defaultConfigurationName = Release;
		};
/* End XCConfigurationList section */

/* Begin XCRemoteSwiftPackageReference section */
		CB9FE6B828F44DDA00A6599C /* XCRemoteSwiftPackageReference "RxSwift" */ = {
			isa = XCRemoteSwiftPackageReference;
			repositoryURL = "https://github.com/ReactiveX/RxSwift";
			requirement = {
				kind = exactVersion;
				version = 6.5.0;
			};
		};
		CB9FE6BF28F44EAF00A6599C /* XCRemoteSwiftPackageReference "RxAlamofire" */ = {
			isa = XCRemoteSwiftPackageReference;
			repositoryURL = "https://github.com/RxSwiftCommunity/RxAlamofire.git";
			requirement = {
				kind = exactVersion;
				version = 6.1.2;
			};
		};
		CB9FE6C228F44F2000A6599C /* XCRemoteSwiftPackageReference "SDWebImageSwiftUI" */ = {
			isa = XCRemoteSwiftPackageReference;
			repositoryURL = "https://github.com/SDWebImage/SDWebImageSwiftUI.git";
			requirement = {
				kind = upToNextMajorVersion;
				minimumVersion = 2.0.0;
			};
		};
/* End XCRemoteSwiftPackageReference section */

/* Begin XCSwiftPackageProductDependency section */
		CB9FE6B928F44DDA00A6599C /* RxCocoa */ = {
			isa = XCSwiftPackageProductDependency;
			package = CB9FE6B828F44DDA00A6599C /* XCRemoteSwiftPackageReference "RxSwift" */;
			productName = RxCocoa;
		};
		CB9FE6BB28F44DDA00A6599C /* RxRelay */ = {
			isa = XCSwiftPackageProductDependency;
			package = CB9FE6B828F44DDA00A6599C /* XCRemoteSwiftPackageReference "RxSwift" */;
			productName = RxRelay;
		};
		CB9FE6BD28F44DDA00A6599C /* RxSwift */ = {
			isa = XCSwiftPackageProductDependency;
			package = CB9FE6B828F44DDA00A6599C /* XCRemoteSwiftPackageReference "RxSwift" */;
			productName = RxSwift;
		};
		CB9FE6C028F44EAF00A6599C /* RxAlamofire */ = {
			isa = XCSwiftPackageProductDependency;
			package = CB9FE6BF28F44EAF00A6599C /* XCRemoteSwiftPackageReference "RxAlamofire" */;
			productName = RxAlamofire;
		};
		CB9FE6C328F44F2000A6599C /* SDWebImageSwiftUI */ = {
			isa = XCSwiftPackageProductDependency;
			package = CB9FE6C228F44F2000A6599C /* XCRemoteSwiftPackageReference "SDWebImageSwiftUI" */;
			productName = SDWebImageSwiftUI;
		};
/* End XCSwiftPackageProductDependency section */
	};
	rootObject = CB9FE66428F36C4B00A6599C /* Project object */;
}
