PODS:
  - Alamofire (5.6.2)
  - SDWebImage (5.13.3):
    - SDWebImage/Core (= 5.13.3)
  - SDWebImage/Core (5.13.3)
  - SDWebImageSwiftUI (2.2.0):
    - SDWebImage (~> 5.10)

DEPENDENCIES:
  - Alamofire
  - SDWebImageSwiftUI

SPEC REPOS:
  trunk:
    - Alamofire
    - SDWebImage
    - SDWebImageSwiftUI

SPEC CHECKSUMS:
  Alamofire: d368e1ff8a298e6dde360e35a3e68e6c610e7204
  SDWebImage: af5bbffef2cde09f148d826f9733dcde1a9414cd
  SDWebImageSwiftUI: 28040a64ded0bfabc65664e4143e405fef1ac5ff

PODFILE CHECKSUM: a57ee5bdf8ee43556abd1b69643efa6d3ed1e2cf

COCOAPODS: 1.11.3
